
Microsoft Visual Studio Solution File, Format Version 12.00
# Visual Studio 15
VisualStudioVersion = 15.0.28307.421
MinimumVisualStudioVersion = 10.0.40219.1
Project("{1B19158F-E398-40A6-8E3B-350508E125F1}") = "Gasolina.Shared", "Gasolina.Shared\Gasolina.Shared.dxjsproj", "{C7BCD26E-3288-47ED-9209-743D89931CB9}"
EndProject
Project("{1B19158F-E398-40A6-8E3B-350508E125F1}") = "Gasolina.Mobile", "Gasolina.Mobile\Gasolina.Mobile.dxjsproj", "{9DBC5B78-FF4F-4BEB-9BE1-54F0FE11D8E8}"
EndProject
Global
	GlobalSection(SolutionConfigurationPlatforms) = preSolution
		Debug|Any CPU = Debug|Any CPU
		Release|Any CPU = Release|Any CPU
	EndGlobalSection
	GlobalSection(ProjectConfigurationPlatforms) = postSolution
		{C7BCD26E-3288-47ED-9209-743D89931CB9}.Debug|Any CPU.ActiveCfg = Debug|Any CPU
		{C7BCD26E-3288-47ED-9209-743D89931CB9}.Debug|Any CPU.Build.0 = Debug|Any CPU
		{C7BCD26E-3288-47ED-9209-743D89931CB9}.Release|Any CPU.ActiveCfg = Release|Any CPU
		{C7BCD26E-3288-47ED-9209-743D89931CB9}.Release|Any CPU.Build.0 = Release|Any CPU
		{9DBC5B78-FF4F-4BEB-9BE1-54F0FE11D8E8}.Debug|Any CPU.ActiveCfg = Debug|Any CPU
		{9DBC5B78-FF4F-4BEB-9BE1-54F0FE11D8E8}.Debug|Any CPU.Build.0 = Debug|Any CPU
		{9DBC5B78-FF4F-4BEB-9BE1-54F0FE11D8E8}.Release|Any CPU.ActiveCfg = Release|Any CPU
		{9DBC5B78-FF4F-4BEB-9BE1-54F0FE11D8E8}.Release|Any CPU.Build.0 = Release|Any CPU
	EndGlobalSection
	GlobalSection(SolutionProperties) = preSolution
		HideSolutionNode = FALSE
	EndGlobalSection
	GlobalSection(ExtensibilityGlobals) = postSolution
		SolutionGuid = {CF9A4FB7-7412-4A51-96E8-1C910E608052}
	EndGlobalSection
EndGlobal
