
Microsoft Visual Studio Solution File, Format Version 12.00
# Visual Studio 15
VisualStudioVersion = 15.0.27130.2024
MinimumVisualStudioVersion = 10.0.40219.1
Project("{FAE04EC0-301F-11D3-BF4B-00C04F79EFBC}") = "ATRC", "ATRC\ATRC.csproj", "{72CD732D-8BB9-49F0-BFC8-60A1DDFE3FBD}"
EndProject
Project("{FAE04EC0-301F-11D3-BF4B-00C04F79EFBC}") = "ATRCBASE.BL", "ATRCBASE.BL\ATRCBASE.BL.csproj", "{A162FE83-383D-4225-A70E-EA9D27E0FB06}"
EndProject
Project("{FAE04EC0-301F-11D3-BF4B-00C04F79EFBC}") = "ATRCBASE.WIN", "ATRCBASE.WIN\ATRCBASE.WIN.csproj", "{CA92B7D6-6738-4A42-A76E-BA583C929BA1}"
EndProject
Project("{FAE04EC0-301F-11D3-BF4B-00C04F79EFBC}") = "CHECADOR.BL", "CHECADOR.BL\CHECADOR.BL.csproj", "{7C282930-B616-4C4D-A28B-73ABEB1C9D8F}"
EndProject
Project("{FAE04EC0-301F-11D3-BF4B-00C04F79EFBC}") = "CHECADOR.WIN", "CHECADOR.WIN\CHECADOR.WIN.csproj", "{514F888C-012B-4E16-ADF8-C4D72A604DEA}"
EndProject
Project("{FAE04EC0-301F-11D3-BF4B-00C04F79EFBC}") = "ALMACEN.BL", "ALMACEN.BL\ALMACEN.BL.csproj", "{4DCF1397-42CB-43A5-9A91-BD8089F6CC94}"
EndProject
Project("{FAE04EC0-301F-11D3-BF4B-00C04F79EFBC}") = "ALMACEN.WIN", "ALMACEN.WIN\ALMACEN.WIN.csproj", "{987C750F-FEB2-4B67-A78C-E10528A9D097}"
EndProject
Project("{FAE04EC0-301F-11D3-BF4B-00C04F79EFBC}") = "UNIDADES.BL", "UNIDADES.BL\UNIDADES.BL.csproj", "{E46D9066-2710-40BC-BE1C-E17EAFC6A044}"
EndProject
Project("{FAE04EC0-301F-11D3-BF4B-00C04F79EFBC}") = "UNIDADES.WIN", "UNIDADES.WIN\UNIDADES.WIN.csproj", "{2E97F929-27EB-4CD8-8DAA-21DC9D248DEB}"
EndProject
Project("{FAE04EC0-301F-11D3-BF4B-00C04F79EFBC}") = "REPORTES", "REPORTES\REPORTES.csproj", "{8CD8B68C-D440-4089-AE63-48514F37C60F}"
EndProject
Project("{FAE04EC0-301F-11D3-BF4B-00C04F79EFBC}") = "LLANTERA.WIN", "LLANTERA.WIN\LLANTERA.WIN.csproj", "{667198B9-FA5D-4533-9ECF-EC75FAA1C2D0}"
EndProject
Project("{FAE04EC0-301F-11D3-BF4B-00C04F79EFBC}") = "LLANTERA.BL", "LLANTERA.BL\LLANTERA.BL.csproj", "{FC68347A-5277-41E9-9899-FA982E7EFED9}"
EndProject
Project("{FAE04EC0-301F-11D3-BF4B-00C04F79EFBC}") = "TALLER.BL", "TALLER.BL\TALLER.BL.csproj", "{3E049336-D487-4B03-86A2-56D4DED5C441}"
EndProject
Project("{FAE04EC0-301F-11D3-BF4B-00C04F79EFBC}") = "TALLER.WIN", "TALLER.WIN\TALLER.WIN.csproj", "{39DBCA79-3CF4-4642-93FC-C4FB38AA3294}"
EndProject
Project("{FAE04EC0-301F-11D3-BF4B-00C04F79EFBC}") = "RUTAS.WIN", "RUTAS.WIN\RUTAS.WIN.csproj", "{8CCAEB98-D277-4166-B28E-0D5A0A59C23A}"
EndProject
Global
	GlobalSection(SolutionConfigurationPlatforms) = preSolution
		Debug|Any CPU = Debug|Any CPU
		Release|Any CPU = Release|Any CPU
	EndGlobalSection
	GlobalSection(ProjectConfigurationPlatforms) = postSolution
		{72CD732D-8BB9-49F0-BFC8-60A1DDFE3FBD}.Debug|Any CPU.ActiveCfg = Debug|Any CPU
		{72CD732D-8BB9-49F0-BFC8-60A1DDFE3FBD}.Debug|Any CPU.Build.0 = Debug|Any CPU
		{72CD732D-8BB9-49F0-BFC8-60A1DDFE3FBD}.Release|Any CPU.ActiveCfg = Release|Any CPU
		{72CD732D-8BB9-49F0-BFC8-60A1DDFE3FBD}.Release|Any CPU.Build.0 = Release|Any CPU
		{A162FE83-383D-4225-A70E-EA9D27E0FB06}.Debug|Any CPU.ActiveCfg = Debug|Any CPU
		{A162FE83-383D-4225-A70E-EA9D27E0FB06}.Debug|Any CPU.Build.0 = Debug|Any CPU
		{A162FE83-383D-4225-A70E-EA9D27E0FB06}.Release|Any CPU.ActiveCfg = Release|Any CPU
		{A162FE83-383D-4225-A70E-EA9D27E0FB06}.Release|Any CPU.Build.0 = Release|Any CPU
		{CA92B7D6-6738-4A42-A76E-BA583C929BA1}.Debug|Any CPU.ActiveCfg = Debug|Any CPU
		{CA92B7D6-6738-4A42-A76E-BA583C929BA1}.Debug|Any CPU.Build.0 = Debug|Any CPU
		{CA92B7D6-6738-4A42-A76E-BA583C929BA1}.Release|Any CPU.ActiveCfg = Release|Any CPU
		{CA92B7D6-6738-4A42-A76E-BA583C929BA1}.Release|Any CPU.Build.0 = Release|Any CPU
		{7C282930-B616-4C4D-A28B-73ABEB1C9D8F}.Debug|Any CPU.ActiveCfg = Debug|Any CPU
		{7C282930-B616-4C4D-A28B-73ABEB1C9D8F}.Debug|Any CPU.Build.0 = Debug|Any CPU
		{7C282930-B616-4C4D-A28B-73ABEB1C9D8F}.Release|Any CPU.ActiveCfg = Release|Any CPU
		{7C282930-B616-4C4D-A28B-73ABEB1C9D8F}.Release|Any CPU.Build.0 = Release|Any CPU
		{514F888C-012B-4E16-ADF8-C4D72A604DEA}.Debug|Any CPU.ActiveCfg = Debug|Any CPU
		{514F888C-012B-4E16-ADF8-C4D72A604DEA}.Debug|Any CPU.Build.0 = Debug|Any CPU
		{514F888C-012B-4E16-ADF8-C4D72A604DEA}.Release|Any CPU.ActiveCfg = Release|Any CPU
		{514F888C-012B-4E16-ADF8-C4D72A604DEA}.Release|Any CPU.Build.0 = Release|Any CPU
		{4DCF1397-42CB-43A5-9A91-BD8089F6CC94}.Debug|Any CPU.ActiveCfg = Debug|Any CPU
		{4DCF1397-42CB-43A5-9A91-BD8089F6CC94}.Debug|Any CPU.Build.0 = Debug|Any CPU
		{4DCF1397-42CB-43A5-9A91-BD8089F6CC94}.Release|Any CPU.ActiveCfg = Release|Any CPU
		{4DCF1397-42CB-43A5-9A91-BD8089F6CC94}.Release|Any CPU.Build.0 = Release|Any CPU
		{987C750F-FEB2-4B67-A78C-E10528A9D097}.Debug|Any CPU.ActiveCfg = Debug|Any CPU
		{987C750F-FEB2-4B67-A78C-E10528A9D097}.Debug|Any CPU.Build.0 = Debug|Any CPU
		{987C750F-FEB2-4B67-A78C-E10528A9D097}.Release|Any CPU.ActiveCfg = Release|Any CPU
		{987C750F-FEB2-4B67-A78C-E10528A9D097}.Release|Any CPU.Build.0 = Release|Any CPU
		{E46D9066-2710-40BC-BE1C-E17EAFC6A044}.Debug|Any CPU.ActiveCfg = Debug|Any CPU
		{E46D9066-2710-40BC-BE1C-E17EAFC6A044}.Debug|Any CPU.Build.0 = Debug|Any CPU
		{E46D9066-2710-40BC-BE1C-E17EAFC6A044}.Release|Any CPU.ActiveCfg = Release|Any CPU
		{E46D9066-2710-40BC-BE1C-E17EAFC6A044}.Release|Any CPU.Build.0 = Release|Any CPU
		{2E97F929-27EB-4CD8-8DAA-21DC9D248DEB}.Debug|Any CPU.ActiveCfg = Debug|Any CPU
		{2E97F929-27EB-4CD8-8DAA-21DC9D248DEB}.Debug|Any CPU.Build.0 = Debug|Any CPU
		{2E97F929-27EB-4CD8-8DAA-21DC9D248DEB}.Release|Any CPU.ActiveCfg = Release|Any CPU
		{2E97F929-27EB-4CD8-8DAA-21DC9D248DEB}.Release|Any CPU.Build.0 = Release|Any CPU
		{8CD8B68C-D440-4089-AE63-48514F37C60F}.Debug|Any CPU.ActiveCfg = Debug|Any CPU
		{8CD8B68C-D440-4089-AE63-48514F37C60F}.Debug|Any CPU.Build.0 = Debug|Any CPU
		{8CD8B68C-D440-4089-AE63-48514F37C60F}.Release|Any CPU.ActiveCfg = Release|Any CPU
		{8CD8B68C-D440-4089-AE63-48514F37C60F}.Release|Any CPU.Build.0 = Release|Any CPU
		{667198B9-FA5D-4533-9ECF-EC75FAA1C2D0}.Debug|Any CPU.ActiveCfg = Debug|Any CPU
		{667198B9-FA5D-4533-9ECF-EC75FAA1C2D0}.Debug|Any CPU.Build.0 = Debug|Any CPU
		{667198B9-FA5D-4533-9ECF-EC75FAA1C2D0}.Release|Any CPU.ActiveCfg = Release|Any CPU
		{667198B9-FA5D-4533-9ECF-EC75FAA1C2D0}.Release|Any CPU.Build.0 = Release|Any CPU
		{FC68347A-5277-41E9-9899-FA982E7EFED9}.Debug|Any CPU.ActiveCfg = Debug|Any CPU
		{FC68347A-5277-41E9-9899-FA982E7EFED9}.Debug|Any CPU.Build.0 = Debug|Any CPU
		{FC68347A-5277-41E9-9899-FA982E7EFED9}.Release|Any CPU.ActiveCfg = Release|Any CPU
		{FC68347A-5277-41E9-9899-FA982E7EFED9}.Release|Any CPU.Build.0 = Release|Any CPU
		{3E049336-D487-4B03-86A2-56D4DED5C441}.Debug|Any CPU.ActiveCfg = Debug|Any CPU
		{3E049336-D487-4B03-86A2-56D4DED5C441}.Debug|Any CPU.Build.0 = Debug|Any CPU
		{3E049336-D487-4B03-86A2-56D4DED5C441}.Release|Any CPU.ActiveCfg = Release|Any CPU
		{3E049336-D487-4B03-86A2-56D4DED5C441}.Release|Any CPU.Build.0 = Release|Any CPU
		{39DBCA79-3CF4-4642-93FC-C4FB38AA3294}.Debug|Any CPU.ActiveCfg = Debug|Any CPU
		{39DBCA79-3CF4-4642-93FC-C4FB38AA3294}.Debug|Any CPU.Build.0 = Debug|Any CPU
		{39DBCA79-3CF4-4642-93FC-C4FB38AA3294}.Release|Any CPU.ActiveCfg = Release|Any CPU
		{39DBCA79-3CF4-4642-93FC-C4FB38AA3294}.Release|Any CPU.Build.0 = Release|Any CPU
		{8CCAEB98-D277-4166-B28E-0D5A0A59C23A}.Debug|Any CPU.ActiveCfg = Debug|Any CPU
		{8CCAEB98-D277-4166-B28E-0D5A0A59C23A}.Debug|Any CPU.Build.0 = Debug|Any CPU
		{8CCAEB98-D277-4166-B28E-0D5A0A59C23A}.Release|Any CPU.ActiveCfg = Release|Any CPU
		{8CCAEB98-D277-4166-B28E-0D5A0A59C23A}.Release|Any CPU.Build.0 = Release|Any CPU
	EndGlobalSection
	GlobalSection(SolutionProperties) = preSolution
		HideSolutionNode = FALSE
	EndGlobalSection
	GlobalSection(ExtensibilityGlobals) = postSolution
		SolutionGuid = {A81C6816-CA05-4962-A495-7B053CA64E22}
	EndGlobalSection
EndGlobal
